
Microsoft Visual Studio Solution File, Format Version 12.00
# Visual Studio Version 17
VisualStudioVersion = 17.3.32825.248
MinimumVisualStudioVersion = 10.0.40219.1
Project("{FAE04EC0-301F-11D3-BF4B-00C04F79EFBC}") = "CSharpShell", "CSharpShell\CSharpShell.csproj", "{94DF0595-3AB0-43AE-85AA-18618009F973}"
EndProject
Global
	GlobalSection(SolutionConfigurationPlatforms) = preSolution
		Debug|Any CPU = Debug|Any CPU
		Release|Any CPU = Release|Any CPU
	EndGlobalSection
	GlobalSection(ProjectConfigurationPlatforms) = postSolution
		{94DF0595-3AB0-43AE-85AA-18618009F973}.Debug|Any CPU.ActiveCfg = Debug|Any CPU
		{94DF0595-3AB0-43AE-85AA-18618009F973}.Debug|Any CPU.Build.0 = Debug|Any CPU
		{94DF0595-3AB0-43AE-85AA-18618009F973}.Release|Any CPU.ActiveCfg = Release|Any CPU
		{94DF0595-3AB0-43AE-85AA-18618009F973}.Release|Any CPU.Build.0 = Release|Any CPU
	EndGlobalSection
	GlobalSection(SolutionProperties) = preSolution
		HideSolutionNode = FALSE
	EndGlobalSection
	GlobalSection(ExtensibilityGlobals) = postSolution
		SolutionGuid = {6F233BE6-A801-4149-9602-0E57992D8592}
	EndGlobalSection
EndGlobal
